// !$*UTF8*$!
{
	archiveVersion = 1;
	classes = {
	};
	objectVersion = 46;
	objects = {

/* Begin PBXBuildFile section */
		0F3BBA2DCA2897E8505876FA /* Pods_CL.framework in Frameworks */ = {isa = PBXBuildFile; fileRef = 0692B644F1BA5E4A421C4A28 /* Pods_CL.framework */; };
		BFC89B9A1E4392A500730AA7 /* GameListViewController.swift in Sources */ = {isa = PBXBuildFile; fileRef = BFC89B991E4392A400730AA7 /* GameListViewController.swift */; };
		BFE528CE1E43A99700BE5CE6 /* GameCell.swift in Sources */ = {isa = PBXBuildFile; fileRef = BFE528CD1E43A99700BE5CE6 /* GameCell.swift */; };
		C00346F11E02EEF20000A335 /* CreateGameTableViewCell.swift in Sources */ = {isa = PBXBuildFile; fileRef = C00346F01E02EEF20000A335 /* CreateGameTableViewCell.swift */; };
		C00346F61E0345CB0000A335 /* RotatingButton.swift in Sources */ = {isa = PBXBuildFile; fileRef = C00346F51E0345CB0000A335 /* RotatingButton.swift */; };
		C003A3CB1DF46C24008158C7 /* LiveTeamCell.xib in Resources */ = {isa = PBXBuildFile; fileRef = C003A3CA1DF46C24008158C7 /* LiveTeamCell.xib */; };
		C003A3D31DF471E2008158C7 /* User.swift in Sources */ = {isa = PBXBuildFile; fileRef = C003A3D21DF471E2008158C7 /* User.swift */; };
		C003A3D51DF47212008158C7 /* RankedUser.swift in Sources */ = {isa = PBXBuildFile; fileRef = C003A3D41DF47212008158C7 /* RankedUser.swift */; };
		C003A3D91DF4A63D008158C7 /* LiveTeamCell.swift in Sources */ = {isa = PBXBuildFile; fileRef = C003A3D81DF4A63D008158C7 /* LiveTeamCell.swift */; };
		C003A3DC1DF4A8B4008158C7 /* GameInfoCell.swift in Sources */ = {isa = PBXBuildFile; fileRef = C003A3DB1DF4A8B4008158C7 /* GameInfoCell.swift */; };
		C003A3DF1DF4AD96008158C7 /* LeaderboardCell.swift in Sources */ = {isa = PBXBuildFile; fileRef = C003A3DE1DF4AD96008158C7 /* LeaderboardCell.swift */; };
		C003A3E11DF4ADBE008158C7 /* LeaderboardCell.xib in Resources */ = {isa = PBXBuildFile; fileRef = C003A3E01DF4ADBE008158C7 /* LeaderboardCell.xib */; };
		C003A4011DF55232008158C7 /* GameViewController.swift in Sources */ = {isa = PBXBuildFile; fileRef = C003A4001DF55232008158C7 /* GameViewController.swift */; };
		C009A02B1DF9EFAC0096CF06 /* CreateGameFormViewController.swift in Sources */ = {isa = PBXBuildFile; fileRef = C009A02A1DF9EFAC0096CF06 /* CreateGameFormViewController.swift */; };
		C00A07381DF725190032C39A /* GameRosterCell.swift in Sources */ = {isa = PBXBuildFile; fileRef = C00A07361DF725190032C39A /* GameRosterCell.swift */; };
		C00A07391DF725190032C39A /* GameRosterCell.xib in Resources */ = {isa = PBXBuildFile; fileRef = C00A07371DF725190032C39A /* GameRosterCell.xib */; };
		C00A07411DF74B8D0032C39A /* GameInfoHeaderView.swift in Sources */ = {isa = PBXBuildFile; fileRef = C00A07401DF74B8D0032C39A /* GameInfoHeaderView.swift */; };
		C00FE44C1E0D9BD4002E56D5 /* AddPlayerInputCell.swift in Sources */ = {isa = PBXBuildFile; fileRef = C00FE44A1E0D9BD4002E56D5 /* AddPlayerInputCell.swift */; };
		C00FE44D1E0D9BD4002E56D5 /* AddPlayerInputCell.xib in Resources */ = {isa = PBXBuildFile; fileRef = C00FE44B1E0D9BD4002E56D5 /* AddPlayerInputCell.xib */; };
		C0353A641E1C4B2600F7F767 /* MainViewController.swift in Sources */ = {isa = PBXBuildFile; fileRef = C0353A631E1C4B2600F7F767 /* MainViewController.swift */; };
		C0638CCC1E0B03CF00A03B57 /* AddPlayerCell.swift in Sources */ = {isa = PBXBuildFile; fileRef = C0638CCB1E0B03CF00A03B57 /* AddPlayerCell.swift */; };
		C0638CCE1E0B041C00A03B57 /* AddPlayerCell.xib in Resources */ = {isa = PBXBuildFile; fileRef = C0638CCD1E0B041C00A03B57 /* AddPlayerCell.xib */; };
		C0638CD91E0B11B100A03B57 /* CoordinateCell.swift in Sources */ = {isa = PBXBuildFile; fileRef = C0638CD71E0B11B100A03B57 /* CoordinateCell.swift */; };
		C0638CDA1E0B11B100A03B57 /* CoordinateCell.xib in Resources */ = {isa = PBXBuildFile; fileRef = C0638CD81E0B11B100A03B57 /* CoordinateCell.xib */; };
		C0638CDC1E0B12A300A03B57 /* Coordinates.swift in Sources */ = {isa = PBXBuildFile; fileRef = C0638CDB1E0B12A300A03B57 /* Coordinates.swift */; };
		C0638CE61E0B28AC00A03B57 /* UpdatePointsViewController.swift in Sources */ = {isa = PBXBuildFile; fileRef = C0638CE51E0B28AC00A03B57 /* UpdatePointsViewController.swift */; };
		C08281771E1AFD1B00185ABF /* SlideRightTransitionManager.swift in Sources */ = {isa = PBXBuildFile; fileRef = C08281761E1AFD1B00185ABF /* SlideRightTransitionManager.swift */; };
		C0859E381E174B3E00341F1C /* GoogleService-Info.plist in Resources */ = {isa = PBXBuildFile; fileRef = C0859E371E174B3E00341F1C /* GoogleService-Info.plist */; };
		C0859E3B1E175C5900341F1C /* DeviceType.swift in Sources */ = {isa = PBXBuildFile; fileRef = C0859E3A1E175C5900341F1C /* DeviceType.swift */; };
		C087EF021DF5E3D200BA3EA2 /* GameMatchupCell.xib in Resources */ = {isa = PBXBuildFile; fileRef = C087EF011DF5E3D200BA3EA2 /* GameMatchupCell.xib */; };
		C087EF041DF5E3EC00BA3EA2 /* GameMatchupCell.swift in Sources */ = {isa = PBXBuildFile; fileRef = C087EF031DF5E3EC00BA3EA2 /* GameMatchupCell.swift */; };
		C087EF0B1DF5E58D00BA3EA2 /* GameMatchup.swift in Sources */ = {isa = PBXBuildFile; fileRef = C087EF0A1DF5E58D00BA3EA2 /* GameMatchup.swift */; };
		C08B5ACB1E1636D3000C8328 /* UpdateTeamCell.swift in Sources */ = {isa = PBXBuildFile; fileRef = C08B5AC91E1636D3000C8328 /* UpdateTeamCell.swift */; };
		C08B5ACC1E1636D3000C8328 /* UpdateTeamCell.xib in Resources */ = {isa = PBXBuildFile; fileRef = C08B5ACA1E1636D3000C8328 /* UpdateTeamCell.xib */; };
		C08B5AD51E1642AA000C8328 /* UpdatePlayerPointsCell.swift in Sources */ = {isa = PBXBuildFile; fileRef = C08B5AD31E1642AA000C8328 /* UpdatePlayerPointsCell.swift */; };
		C08B5AD61E1642AA000C8328 /* UpdatePlayerPointsCell.xib in Resources */ = {isa = PBXBuildFile; fileRef = C08B5AD41E1642AA000C8328 /* UpdatePlayerPointsCell.xib */; };
		C0AFE6581DF89D8C00F2A32A /* AddOrRemoveButton.swift in Sources */ = {isa = PBXBuildFile; fileRef = C0AFE6571DF89D8C00F2A32A /* AddOrRemoveButton.swift */; };
		C0B756AA1E1AE44B007DF3E1 /* CoreLocation.framework in Frameworks */ = {isa = PBXBuildFile; fileRef = C0B756A91E1AE44B007DF3E1 /* CoreLocation.framework */; };
		C0C3E29F1DEA99D100B4978B /* LoginViewController.swift in Sources */ = {isa = PBXBuildFile; fileRef = C0C3E29E1DEA99D100B4978B /* LoginViewController.swift */; };
		C0C3E2A71DEAFB4300B4978B /* GameInfoCell.xib in Resources */ = {isa = PBXBuildFile; fileRef = C0C3E2A61DEAFB4300B4978B /* GameInfoCell.xib */; };
		C0C3E2B21DEB50E200B4978B /* Player.swift in Sources */ = {isa = PBXBuildFile; fileRef = C0C3E2B11DEB50E200B4978B /* Player.swift */; };
		C0C3E2B41DEB546E00B4978B /* Team.swift in Sources */ = {isa = PBXBuildFile; fileRef = C0C3E2B31DEB546E00B4978B /* Team.swift */; };
		C0C3E2B61DEB57AD00B4978B /* TestData.swift in Sources */ = {isa = PBXBuildFile; fileRef = C0C3E2B51DEB57AD00B4978B /* TestData.swift */; };
		C0C3E2C21DEB782500B4978B /* Bolts.framework in Frameworks */ = {isa = PBXBuildFile; fileRef = C0C3E2C01DEB782500B4978B /* Bolts.framework */; };
		C0C3E2C31DEB782500B4978B /* FBSDKLoginKit.framework in Frameworks */ = {isa = PBXBuildFile; fileRef = C0C3E2C11DEB782500B4978B /* FBSDKLoginKit.framework */; };
		C0C3E2CD1DEB810100B4978B /* FBSDKCoreKit.framework in Frameworks */ = {isa = PBXBuildFile; fileRef = C0C3E2CC1DEB810100B4978B /* FBSDKCoreKit.framework */; };
		C0C3E2CF1DEB957900B4978B /* Constants.swift in Sources */ = {isa = PBXBuildFile; fileRef = C0C3E2CE1DEB957900B4978B /* Constants.swift */; };
		C0C3E2D31DEBE09C00B4978B /* Extensions.swift in Sources */ = {isa = PBXBuildFile; fileRef = C0C3E2D21DEBE09C00B4978B /* Extensions.swift */; };
		C0C637E51E0F39B1007A86D4 /* LiveViewController.swift in Sources */ = {isa = PBXBuildFile; fileRef = C0C637E41E0F39B1007A86D4 /* LiveViewController.swift */; };
		C0C637E91E0F7880007A86D4 /* ProfileViewController.swift in Sources */ = {isa = PBXBuildFile; fileRef = C0C637E81E0F7880007A86D4 /* ProfileViewController.swift */; };
		C0CDD2BC1E0E54AC0033A072 /* PlayerForTeamCell.swift in Sources */ = {isa = PBXBuildFile; fileRef = C0CDD2BA1E0E54AC0033A072 /* PlayerForTeamCell.swift */; };
		C0CDD2BD1E0E54AC0033A072 /* PlayerForTeamCell.xib in Resources */ = {isa = PBXBuildFile; fileRef = C0CDD2BB1E0E54AC0033A072 /* PlayerForTeamCell.xib */; };
		C0CDD2BF1E0EBBE80033A072 /* Game.swift in Sources */ = {isa = PBXBuildFile; fileRef = C0CDD2BE1E0EBBE80033A072 /* Game.swift */; };
		C0E302611DEA4FD00007988B /* AppDelegate.swift in Sources */ = {isa = PBXBuildFile; fileRef = C0E302601DEA4FD00007988B /* AppDelegate.swift */; };
		C0E302661DEA4FD00007988B /* Main.storyboard in Resources */ = {isa = PBXBuildFile; fileRef = C0E302641DEA4FD00007988B /* Main.storyboard */; };
		C0E302691DEA4FD00007988B /* CL.xcdatamodeld in Sources */ = {isa = PBXBuildFile; fileRef = C0E302671DEA4FD00007988B /* CL.xcdatamodeld */; };
		C0E3026B1DEA4FD00007988B /* Assets.xcassets in Resources */ = {isa = PBXBuildFile; fileRef = C0E3026A1DEA4FD00007988B /* Assets.xcassets */; };
		C0E3026E1DEA4FD00007988B /* LaunchScreen.storyboard in Resources */ = {isa = PBXBuildFile; fileRef = C0E3026C1DEA4FD00007988B /* LaunchScreen.storyboard */; };
/* End PBXBuildFile section */

/* Begin PBXFileReference section */
		0692B644F1BA5E4A421C4A28 /* Pods_CL.framework */ = {isa = PBXFileReference; explicitFileType = wrapper.framework; includeInIndex = 0; path = Pods_CL.framework; sourceTree = BUILT_PRODUCTS_DIR; };
		445CC88550A91715E63D6D22 /* Pods-CL.debug.xcconfig */ = {isa = PBXFileReference; includeInIndex = 1; lastKnownFileType = text.xcconfig; name = "Pods-CL.debug.xcconfig"; path = "Pods/Target Support Files/Pods-CL/Pods-CL.debug.xcconfig"; sourceTree = "<group>"; };
		A024F937322D8D8CBA8A0159 /* Pods-CL.release.xcconfig */ = {isa = PBXFileReference; includeInIndex = 1; lastKnownFileType = text.xcconfig; name = "Pods-CL.release.xcconfig"; path = "Pods/Target Support Files/Pods-CL/Pods-CL.release.xcconfig"; sourceTree = "<group>"; };
		BFC89B991E4392A400730AA7 /* GameListViewController.swift */ = {isa = PBXFileReference; fileEncoding = 4; lastKnownFileType = sourcecode.swift; path = GameListViewController.swift; sourceTree = "<group>"; };
		BFE528CD1E43A99700BE5CE6 /* GameCell.swift */ = {isa = PBXFileReference; fileEncoding = 4; lastKnownFileType = sourcecode.swift; path = GameCell.swift; sourceTree = "<group>"; };
		C00346F01E02EEF20000A335 /* CreateGameTableViewCell.swift */ = {isa = PBXFileReference; fileEncoding = 4; lastKnownFileType = sourcecode.swift; path = CreateGameTableViewCell.swift; sourceTree = "<group>"; };
		C00346F51E0345CB0000A335 /* RotatingButton.swift */ = {isa = PBXFileReference; fileEncoding = 4; lastKnownFileType = sourcecode.swift; path = RotatingButton.swift; sourceTree = "<group>"; };
		C003A3CA1DF46C24008158C7 /* LiveTeamCell.xib */ = {isa = PBXFileReference; fileEncoding = 4; lastKnownFileType = file.xib; path = LiveTeamCell.xib; sourceTree = "<group>"; };
		C003A3D21DF471E2008158C7 /* User.swift */ = {isa = PBXFileReference; fileEncoding = 4; lastKnownFileType = sourcecode.swift; path = User.swift; sourceTree = "<group>"; };
		C003A3D41DF47212008158C7 /* RankedUser.swift */ = {isa = PBXFileReference; fileEncoding = 4; lastKnownFileType = sourcecode.swift; path = RankedUser.swift; sourceTree = "<group>"; };
		C003A3D81DF4A63D008158C7 /* LiveTeamCell.swift */ = {isa = PBXFileReference; fileEncoding = 4; lastKnownFileType = sourcecode.swift; path = LiveTeamCell.swift; sourceTree = "<group>"; };
		C003A3DB1DF4A8B4008158C7 /* GameInfoCell.swift */ = {isa = PBXFileReference; fileEncoding = 4; lastKnownFileType = sourcecode.swift; path = GameInfoCell.swift; sourceTree = "<group>"; };
		C003A3DE1DF4AD96008158C7 /* LeaderboardCell.swift */ = {isa = PBXFileReference; fileEncoding = 4; lastKnownFileType = sourcecode.swift; path = LeaderboardCell.swift; sourceTree = "<group>"; };
		C003A3E01DF4ADBE008158C7 /* LeaderboardCell.xib */ = {isa = PBXFileReference; fileEncoding = 4; lastKnownFileType = file.xib; path = LeaderboardCell.xib; sourceTree = "<group>"; };
		C003A4001DF55232008158C7 /* GameViewController.swift */ = {isa = PBXFileReference; fileEncoding = 4; lastKnownFileType = sourcecode.swift; path = GameViewController.swift; sourceTree = "<group>"; };
		C009A02A1DF9EFAC0096CF06 /* CreateGameFormViewController.swift */ = {isa = PBXFileReference; fileEncoding = 4; lastKnownFileType = sourcecode.swift; path = CreateGameFormViewController.swift; sourceTree = "<group>"; };
		C00A07361DF725190032C39A /* GameRosterCell.swift */ = {isa = PBXFileReference; fileEncoding = 4; lastKnownFileType = sourcecode.swift; path = GameRosterCell.swift; sourceTree = "<group>"; };
		C00A07371DF725190032C39A /* GameRosterCell.xib */ = {isa = PBXFileReference; fileEncoding = 4; lastKnownFileType = file.xib; path = GameRosterCell.xib; sourceTree = "<group>"; };
		C00A07401DF74B8D0032C39A /* GameInfoHeaderView.swift */ = {isa = PBXFileReference; fileEncoding = 4; lastKnownFileType = sourcecode.swift; path = GameInfoHeaderView.swift; sourceTree = "<group>"; };
		C00FE44A1E0D9BD4002E56D5 /* AddPlayerInputCell.swift */ = {isa = PBXFileReference; fileEncoding = 4; lastKnownFileType = sourcecode.swift; path = AddPlayerInputCell.swift; sourceTree = "<group>"; };
		C00FE44B1E0D9BD4002E56D5 /* AddPlayerInputCell.xib */ = {isa = PBXFileReference; fileEncoding = 4; lastKnownFileType = file.xib; path = AddPlayerInputCell.xib; sourceTree = "<group>"; };
		C0353A631E1C4B2600F7F767 /* MainViewController.swift */ = {isa = PBXFileReference; fileEncoding = 4; lastKnownFileType = sourcecode.swift; path = MainViewController.swift; sourceTree = "<group>"; };
		C0638CCB1E0B03CF00A03B57 /* AddPlayerCell.swift */ = {isa = PBXFileReference; fileEncoding = 4; lastKnownFileType = sourcecode.swift; path = AddPlayerCell.swift; sourceTree = "<group>"; };
		C0638CCD1E0B041C00A03B57 /* AddPlayerCell.xib */ = {isa = PBXFileReference; fileEncoding = 4; lastKnownFileType = file.xib; path = AddPlayerCell.xib; sourceTree = "<group>"; };
		C0638CD71E0B11B100A03B57 /* CoordinateCell.swift */ = {isa = PBXFileReference; fileEncoding = 4; lastKnownFileType = sourcecode.swift; path = CoordinateCell.swift; sourceTree = "<group>"; };
		C0638CD81E0B11B100A03B57 /* CoordinateCell.xib */ = {isa = PBXFileReference; fileEncoding = 4; lastKnownFileType = file.xib; path = CoordinateCell.xib; sourceTree = "<group>"; };
		C0638CDB1E0B12A300A03B57 /* Coordinates.swift */ = {isa = PBXFileReference; fileEncoding = 4; lastKnownFileType = sourcecode.swift; path = Coordinates.swift; sourceTree = "<group>"; };
		C0638CE51E0B28AC00A03B57 /* UpdatePointsViewController.swift */ = {isa = PBXFileReference; fileEncoding = 4; lastKnownFileType = sourcecode.swift; path = UpdatePointsViewController.swift; sourceTree = "<group>"; };
		C08281761E1AFD1B00185ABF /* SlideRightTransitionManager.swift */ = {isa = PBXFileReference; fileEncoding = 4; lastKnownFileType = sourcecode.swift; path = SlideRightTransitionManager.swift; sourceTree = "<group>"; };
		C0859E371E174B3E00341F1C /* GoogleService-Info.plist */ = {isa = PBXFileReference; fileEncoding = 4; lastKnownFileType = text.plist.xml; path = "GoogleService-Info.plist"; sourceTree = "<group>"; };
		C0859E3A1E175C5900341F1C /* DeviceType.swift */ = {isa = PBXFileReference; fileEncoding = 4; lastKnownFileType = sourcecode.swift; path = DeviceType.swift; sourceTree = "<group>"; };
		C087EF011DF5E3D200BA3EA2 /* GameMatchupCell.xib */ = {isa = PBXFileReference; fileEncoding = 4; lastKnownFileType = file.xib; path = GameMatchupCell.xib; sourceTree = "<group>"; };
		C087EF031DF5E3EC00BA3EA2 /* GameMatchupCell.swift */ = {isa = PBXFileReference; fileEncoding = 4; lastKnownFileType = sourcecode.swift; path = GameMatchupCell.swift; sourceTree = "<group>"; };
		C087EF0A1DF5E58D00BA3EA2 /* GameMatchup.swift */ = {isa = PBXFileReference; fileEncoding = 4; lastKnownFileType = sourcecode.swift; path = GameMatchup.swift; sourceTree = "<group>"; };
		C08B5AC91E1636D3000C8328 /* UpdateTeamCell.swift */ = {isa = PBXFileReference; fileEncoding = 4; lastKnownFileType = sourcecode.swift; path = UpdateTeamCell.swift; sourceTree = "<group>"; };
		C08B5ACA1E1636D3000C8328 /* UpdateTeamCell.xib */ = {isa = PBXFileReference; fileEncoding = 4; lastKnownFileType = file.xib; path = UpdateTeamCell.xib; sourceTree = "<group>"; };
		C08B5AD31E1642AA000C8328 /* UpdatePlayerPointsCell.swift */ = {isa = PBXFileReference; fileEncoding = 4; lastKnownFileType = sourcecode.swift; path = UpdatePlayerPointsCell.swift; sourceTree = "<group>"; };
		C08B5AD41E1642AA000C8328 /* UpdatePlayerPointsCell.xib */ = {isa = PBXFileReference; fileEncoding = 4; lastKnownFileType = file.xib; path = UpdatePlayerPointsCell.xib; sourceTree = "<group>"; };
		C0A49DEC1E1D65E8005F9AB9 /* TestLocations.gpx */ = {isa = PBXFileReference; lastKnownFileType = text.xml; path = TestLocations.gpx; sourceTree = "<group>"; };
		C0AFE6571DF89D8C00F2A32A /* AddOrRemoveButton.swift */ = {isa = PBXFileReference; fileEncoding = 4; lastKnownFileType = sourcecode.swift; path = AddOrRemoveButton.swift; sourceTree = "<group>"; };
		C0B756A91E1AE44B007DF3E1 /* CoreLocation.framework */ = {isa = PBXFileReference; lastKnownFileType = wrapper.framework; name = CoreLocation.framework; path = System/Library/Frameworks/CoreLocation.framework; sourceTree = SDKROOT; };
		C0C3E29E1DEA99D100B4978B /* LoginViewController.swift */ = {isa = PBXFileReference; fileEncoding = 4; lastKnownFileType = sourcecode.swift; path = LoginViewController.swift; sourceTree = "<group>"; };
		C0C3E2A61DEAFB4300B4978B /* GameInfoCell.xib */ = {isa = PBXFileReference; fileEncoding = 4; lastKnownFileType = file.xib; path = GameInfoCell.xib; sourceTree = "<group>"; };
		C0C3E2B11DEB50E200B4978B /* Player.swift */ = {isa = PBXFileReference; fileEncoding = 4; lastKnownFileType = sourcecode.swift; path = Player.swift; sourceTree = "<group>"; };
		C0C3E2B31DEB546E00B4978B /* Team.swift */ = {isa = PBXFileReference; fileEncoding = 4; lastKnownFileType = sourcecode.swift; path = Team.swift; sourceTree = "<group>"; };
		C0C3E2B51DEB57AD00B4978B /* TestData.swift */ = {isa = PBXFileReference; fileEncoding = 4; lastKnownFileType = sourcecode.swift; path = TestData.swift; sourceTree = "<group>"; };
		C0C3E2C01DEB782500B4978B /* Bolts.framework */ = {isa = PBXFileReference; lastKnownFileType = wrapper.framework; path = Bolts.framework; sourceTree = "<group>"; };
		C0C3E2C11DEB782500B4978B /* FBSDKLoginKit.framework */ = {isa = PBXFileReference; lastKnownFileType = wrapper.framework; path = FBSDKLoginKit.framework; sourceTree = "<group>"; };
		C0C3E2C51DEB7DC600B4978B /* CL-Bridging-Header.h */ = {isa = PBXFileReference; lastKnownFileType = sourcecode.c.h; path = "CL-Bridging-Header.h"; sourceTree = "<group>"; };
		C0C3E2CC1DEB810100B4978B /* FBSDKCoreKit.framework */ = {isa = PBXFileReference; lastKnownFileType = wrapper.framework; path = FBSDKCoreKit.framework; sourceTree = "<group>"; };
		C0C3E2CE1DEB957900B4978B /* Constants.swift */ = {isa = PBXFileReference; fileEncoding = 4; lastKnownFileType = sourcecode.swift; path = Constants.swift; sourceTree = "<group>"; };
		C0C3E2D21DEBE09C00B4978B /* Extensions.swift */ = {isa = PBXFileReference; fileEncoding = 4; lastKnownFileType = sourcecode.swift; path = Extensions.swift; sourceTree = "<group>"; };
		C0C637E41E0F39B1007A86D4 /* LiveViewController.swift */ = {isa = PBXFileReference; fileEncoding = 4; lastKnownFileType = sourcecode.swift; path = LiveViewController.swift; sourceTree = "<group>"; };
		C0C637E81E0F7880007A86D4 /* ProfileViewController.swift */ = {isa = PBXFileReference; fileEncoding = 4; lastKnownFileType = sourcecode.swift; path = ProfileViewController.swift; sourceTree = "<group>"; };
		C0CDD2BA1E0E54AC0033A072 /* PlayerForTeamCell.swift */ = {isa = PBXFileReference; fileEncoding = 4; lastKnownFileType = sourcecode.swift; path = PlayerForTeamCell.swift; sourceTree = "<group>"; };
		C0CDD2BB1E0E54AC0033A072 /* PlayerForTeamCell.xib */ = {isa = PBXFileReference; fileEncoding = 4; lastKnownFileType = file.xib; path = PlayerForTeamCell.xib; sourceTree = "<group>"; };
		C0CDD2BE1E0EBBE80033A072 /* Game.swift */ = {isa = PBXFileReference; fileEncoding = 4; lastKnownFileType = sourcecode.swift; path = Game.swift; sourceTree = "<group>"; };
		C0E3025D1DEA4FD00007988B /* CL.app */ = {isa = PBXFileReference; explicitFileType = wrapper.application; includeInIndex = 0; path = CL.app; sourceTree = BUILT_PRODUCTS_DIR; };
		C0E302601DEA4FD00007988B /* AppDelegate.swift */ = {isa = PBXFileReference; lastKnownFileType = sourcecode.swift; path = AppDelegate.swift; sourceTree = "<group>"; };
		C0E302651DEA4FD00007988B /* Base */ = {isa = PBXFileReference; lastKnownFileType = file.storyboard; name = Base; path = Base.lproj/Main.storyboard; sourceTree = "<group>"; };
		C0E302681DEA4FD00007988B /* CL.xcdatamodel */ = {isa = PBXFileReference; lastKnownFileType = wrapper.xcdatamodel; path = CL.xcdatamodel; sourceTree = "<group>"; };
		C0E3026A1DEA4FD00007988B /* Assets.xcassets */ = {isa = PBXFileReference; lastKnownFileType = folder.assetcatalog; path = Assets.xcassets; sourceTree = "<group>"; };
		C0E3026D1DEA4FD00007988B /* Base */ = {isa = PBXFileReference; lastKnownFileType = file.storyboard; name = Base; path = Base.lproj/LaunchScreen.storyboard; sourceTree = "<group>"; };
		C0E3026F1DEA4FD00007988B /* Info.plist */ = {isa = PBXFileReference; lastKnownFileType = text.plist.xml; path = Info.plist; sourceTree = "<group>"; };
/* End PBXFileReference section */

/* Begin PBXFrameworksBuildPhase section */
		C0E3025A1DEA4FD00007988B /* Frameworks */ = {
			isa = PBXFrameworksBuildPhase;
			buildActionMask = 2147483647;
			files = (
				C0B756AA1E1AE44B007DF3E1 /* CoreLocation.framework in Frameworks */,
				C0C3E2CD1DEB810100B4978B /* FBSDKCoreKit.framework in Frameworks */,
				0F3BBA2DCA2897E8505876FA /* Pods_CL.framework in Frameworks */,
				C0C3E2C21DEB782500B4978B /* Bolts.framework in Frameworks */,
				C0C3E2C31DEB782500B4978B /* FBSDKLoginKit.framework in Frameworks */,
			);
			runOnlyForDeploymentPostprocessing = 0;
		};
/* End PBXFrameworksBuildPhase section */

/* Begin PBXGroup section */
		016F012CCBBAFAF1A8E2A214 /* Pods */ = {
			isa = PBXGroup;
			children = (
				445CC88550A91715E63D6D22 /* Pods-CL.debug.xcconfig */,
				A024F937322D8D8CBA8A0159 /* Pods-CL.release.xcconfig */,
			);
			name = Pods;
			sourceTree = "<group>";
		};
		3DDA0E6FDF21CDB004782C69 /* Frameworks */ = {
			isa = PBXGroup;
			children = (
				C0B756A91E1AE44B007DF3E1 /* CoreLocation.framework */,
				0692B644F1BA5E4A421C4A28 /* Pods_CL.framework */,
				C0C3E2C01DEB782500B4978B /* Bolts.framework */,
				C0C3E2CC1DEB810100B4978B /* FBSDKCoreKit.framework */,
				C0C3E2C11DEB782500B4978B /* FBSDKLoginKit.framework */,
			);
			name = Frameworks;
			sourceTree = "<group>";
		};
		BFF149941E4B92E600185D67 /* TableView Cells */ = {
			isa = PBXGroup;
			children = (
				C003A3D81DF4A63D008158C7 /* LiveTeamCell.swift */,
				C00A07361DF725190032C39A /* GameRosterCell.swift */,
				C00A07401DF74B8D0032C39A /* GameInfoHeaderView.swift */,
				BFE528CD1E43A99700BE5CE6 /* GameCell.swift */,
			);
			name = "TableView Cells";
			sourceTree = "<group>";
		};
		C00346E21E02C2ED0000A335 /* Table View Controllers */ = {
			isa = PBXGroup;
			children = (
			);
			name = "Table View Controllers";
			sourceTree = "<group>";
		};
		C003A3C71DF460BC008158C7 /* Constants */ = {
			isa = PBXGroup;
			children = (
				C0C3E2CE1DEB957900B4978B /* Constants.swift */,
			);
			name = Constants;
			sourceTree = "<group>";
		};
		C003A3CC1DF46D80008158C7 /* My Team */ = {
			isa = PBXGroup;
			children = (
				C003A3CA1DF46C24008158C7 /* LiveTeamCell.xib */,
			);
			name = "My Team";
			sourceTree = "<group>";
		};
		C003A3CD1DF46DB6008158C7 /* Leaderboard */ = {
			isa = PBXGroup;
			children = (
				C003A3E01DF4ADBE008158C7 /* LeaderboardCell.xib */,
				C003A3DE1DF4AD96008158C7 /* LeaderboardCell.swift */,
			);
			name = Leaderboard;
			sourceTree = "<group>";
		};
		C003A3DA1DF4A748008158C7 /* Game Info Cell */ = {
			isa = PBXGroup;
			children = (
				C0C3E2A61DEAFB4300B4978B /* GameInfoCell.xib */,
				C003A3DB1DF4A8B4008158C7 /* GameInfoCell.swift */,
			);
			name = "Game Info Cell";
			sourceTree = "<group>";
		};
		C003A3DD1DF4AD07008158C7 /* Live View */ = {
			isa = PBXGroup;
			children = (
				C003A3DA1DF4A748008158C7 /* Game Info Cell */,
				C003A3CD1DF46DB6008158C7 /* Leaderboard */,
				C003A3CC1DF46D80008158C7 /* My Team */,
			);
			name = "Live View";
			sourceTree = "<group>";
		};
		C00A07351DF724E10032C39A /* Game Roster */ = {
			isa = PBXGroup;
			children = (
				C00A07371DF725190032C39A /* GameRosterCell.xib */,
			);
			name = "Game Roster";
			sourceTree = "<group>";
		};
		C00A073D1DF74B170032C39A /* Headers */ = {
			isa = PBXGroup;
			children = (
			);
			name = Headers;
			sourceTree = "<group>";
		};
		C00FE4491E0D981C002E56D5 /* Add Player Input Cell */ = {
			isa = PBXGroup;
			children = (
				C00FE44A1E0D9BD4002E56D5 /* AddPlayerInputCell.swift */,
				C00FE44B1E0D9BD4002E56D5 /* AddPlayerInputCell.xib */,
			);
			name = "Add Player Input Cell";
			sourceTree = "<group>";
		};
		C048B88B1DEA7CA500CB6F72 /* View Controllers */ = {
			isa = PBXGroup;
			children = (
				C0C3E29E1DEA99D100B4978B /* LoginViewController.swift */,
				C0353A631E1C4B2600F7F767 /* MainViewController.swift */,
				C0C637E81E0F7880007A86D4 /* ProfileViewController.swift */,
				C003A4001DF55232008158C7 /* GameViewController.swift */,
				C0C637E41E0F39B1007A86D4 /* LiveViewController.swift */,
				C009A02A1DF9EFAC0096CF06 /* CreateGameFormViewController.swift */,
				C0638CE51E0B28AC00A03B57 /* UpdatePointsViewController.swift */,
				BFC89B991E4392A400730AA7 /* GameListViewController.swift */,
			);
			name = "View Controllers";
			sourceTree = "<group>";
		};
		C0638CCA1E0B03B500A03B57 /* Add Player Cell */ = {
			isa = PBXGroup;
			children = (
				C0638CCB1E0B03CF00A03B57 /* AddPlayerCell.swift */,
				C0638CCD1E0B041C00A03B57 /* AddPlayerCell.xib */,
			);
			name = "Add Player Cell";
			sourceTree = "<group>";
		};
		C0638CD01E0B049600A03B57 /* Eureka Xibs */ = {
			isa = PBXGroup;
			children = (
				C0638CCA1E0B03B500A03B57 /* Add Player Cell */,
				C00FE4491E0D981C002E56D5 /* Add Player Input Cell */,
				C0638CD61E0B119600A03B57 /* Coordinate Cell */,
				C0CDD2B51E0E525D0033A072 /* Player For Team Cell */,
			);
			name = "Eureka Xibs";
			sourceTree = "<group>";
		};
		C0638CD61E0B119600A03B57 /* Coordinate Cell */ = {
			isa = PBXGroup;
			children = (
				C0638CD71E0B11B100A03B57 /* CoordinateCell.swift */,
				C0638CD81E0B11B100A03B57 /* CoordinateCell.xib */,
			);
			name = "Coordinate Cell";
			sourceTree = "<group>";
		};
		C08281751E1AFCF900185ABF /* Transition Managers */ = {
			isa = PBXGroup;
			children = (
				C08281761E1AFD1B00185ABF /* SlideRightTransitionManager.swift */,
			);
			name = "Transition Managers";
			sourceTree = "<group>";
		};
		C0859E361E174B2900341F1C /* Property Lists */ = {
			isa = PBXGroup;
			children = (
				C0859E371E174B3E00341F1C /* GoogleService-Info.plist */,
				C0E3026F1DEA4FD00007988B /* Info.plist */,
			);
			name = "Property Lists";
			sourceTree = "<group>";
		};
		C087EEFC1DF5DB5B00BA3EA2 /* Game View */ = {
			isa = PBXGroup;
			children = (
				C00A07351DF724E10032C39A /* Game Roster */,
				C087EF051DF5E3F200BA3EA2 /* Game Matchup */,
			);
			name = "Game View";
			sourceTree = "<group>";
		};
		C087EF051DF5E3F200BA3EA2 /* Game Matchup */ = {
			isa = PBXGroup;
			children = (
				C087EF011DF5E3D200BA3EA2 /* GameMatchupCell.xib */,
				C087EF031DF5E3EC00BA3EA2 /* GameMatchupCell.swift */,
			);
			name = "Game Matchup";
			sourceTree = "<group>";
		};
		C08B5AC41E1635B5000C8328 /* Update Points */ = {
			isa = PBXGroup;
			children = (
				C08B5ACE1E163946000C8328 /* Update Player Points Cell */,
				C08B5ACD1E163933000C8328 /* Update Team */,
			);
			name = "Update Points";
			sourceTree = "<group>";
		};
		C08B5ACD1E163933000C8328 /* Update Team */ = {
			isa = PBXGroup;
			children = (
				C08B5AC91E1636D3000C8328 /* UpdateTeamCell.swift */,
				C08B5ACA1E1636D3000C8328 /* UpdateTeamCell.xib */,
			);
			name = "Update Team";
			sourceTree = "<group>";
		};
		C08B5ACE1E163946000C8328 /* Update Player Points Cell */ = {
			isa = PBXGroup;
			children = (
				C08B5AD31E1642AA000C8328 /* UpdatePlayerPointsCell.swift */,
				C08B5AD41E1642AA000C8328 /* UpdatePlayerPointsCell.xib */,
			);
			name = "Update Player Points Cell";
			sourceTree = "<group>";
		};
		C0AFE6551DF89D3700F2A32A /* Custom Classes */ = {
			isa = PBXGroup;
			children = (
				C0AFE6571DF89D8C00F2A32A /* AddOrRemoveButton.swift */,
				C00346F51E0345CB0000A335 /* RotatingButton.swift */,
			);
			name = "Custom Classes";
			sourceTree = "<group>";
		};
		C0C3E2A01DEAFA2D00B4978B /* Xibs */ = {
			isa = PBXGroup;
			children = (
				C0E281921DFF155000BF35D0 /* TableView Cells */,
				C0C3E2A11DEAFA3A00B4978B /* CollectionView Cells */,
			);
			name = Xibs;
			sourceTree = "<group>";
		};
		C0C3E2A11DEAFA3A00B4978B /* CollectionView Cells */ = {
			isa = PBXGroup;
			children = (
				C00A073D1DF74B170032C39A /* Headers */,
				C087EEFC1DF5DB5B00BA3EA2 /* Game View */,
				C003A3DD1DF4AD07008158C7 /* Live View */,
			);
			name = "CollectionView Cells";
			sourceTree = "<group>";
		};
		C0C3E2AF1DEB50B000B4978B /* Test Data */ = {
			isa = PBXGroup;
			children = (
				C0C3E2B51DEB57AD00B4978B /* TestData.swift */,
				C0A49DEC1E1D65E8005F9AB9 /* TestLocations.gpx */,
			);
			name = "Test Data";
			sourceTree = "<group>";
		};
		C0C3E2B01DEB50B800B4978B /* Classes and Structs */ = {
			isa = PBXGroup;
			children = (
				C0C3E2B11DEB50E200B4978B /* Player.swift */,
				C0C3E2B31DEB546E00B4978B /* Team.swift */,
				C003A3D21DF471E2008158C7 /* User.swift */,
				C003A3D41DF47212008158C7 /* RankedUser.swift */,
				C087EF0A1DF5E58D00BA3EA2 /* GameMatchup.swift */,
				C0638CDB1E0B12A300A03B57 /* Coordinates.swift */,
				C0CDD2BE1E0EBBE80033A072 /* Game.swift */,
			);
			name = "Classes and Structs";
			sourceTree = "<group>";
		};
		C0C3E2C41DEB7D9D00B4978B /* Supporting Files */ = {
			isa = PBXGroup;
			children = (
				C0C3E2C51DEB7DC600B4978B /* CL-Bridging-Header.h */,
			);
			name = "Supporting Files";
			sourceTree = "<group>";
		};
		C0C3E2D01DEBE08200B4978B /* Utility */ = {
			isa = PBXGroup;
			children = (
				C08281751E1AFCF900185ABF /* Transition Managers */,
				C003A3C71DF460BC008158C7 /* Constants */,
				C0C3E2D11DEBE08B00B4978B /* Extensions */,
				C0859E3A1E175C5900341F1C /* DeviceType.swift */,
			);
			name = Utility;
			sourceTree = "<group>";
		};
		C0C3E2D11DEBE08B00B4978B /* Extensions */ = {
			isa = PBXGroup;
			children = (
				C0C3E2D21DEBE09C00B4978B /* Extensions.swift */,
			);
			name = Extensions;
			sourceTree = "<group>";
		};
		C0CDD2B51E0E525D0033A072 /* Player For Team Cell */ = {
			isa = PBXGroup;
			children = (
				C0CDD2BA1E0E54AC0033A072 /* PlayerForTeamCell.swift */,
				C0CDD2BB1E0E54AC0033A072 /* PlayerForTeamCell.xib */,
			);
			name = "Player For Team Cell";
			sourceTree = "<group>";
		};
		C0E281921DFF155000BF35D0 /* TableView Cells */ = {
			isa = PBXGroup;
			children = (
				C0E2819F1DFF29A400BF35D0 /* Create Game */,
				C08B5AC41E1635B5000C8328 /* Update Points */,
			);
			name = "TableView Cells";
			sourceTree = "<group>";
		};
		C0E2819F1DFF29A400BF35D0 /* Create Game */ = {
			isa = PBXGroup;
			children = (
				C0638CD01E0B049600A03B57 /* Eureka Xibs */,
				C00346F01E02EEF20000A335 /* CreateGameTableViewCell.swift */,
			);
			name = "Create Game";
			sourceTree = "<group>";
		};
		C0E302541DEA4FD00007988B = {
			isa = PBXGroup;
			children = (
				C0E3025F1DEA4FD00007988B /* CL */,
				C0E3025E1DEA4FD00007988B /* Products */,
				016F012CCBBAFAF1A8E2A214 /* Pods */,
				3DDA0E6FDF21CDB004782C69 /* Frameworks */,
			);
			sourceTree = "<group>";
		};
		C0E3025E1DEA4FD00007988B /* Products */ = {
			isa = PBXGroup;
			children = (
				C0E3025D1DEA4FD00007988B /* CL.app */,
			);
			name = Products;
			sourceTree = "<group>";
		};
		C0E3025F1DEA4FD00007988B /* CL */ = {
			isa = PBXGroup;
			children = (
				C0E302751DEA4FDD0007988B /* Models */,
				C0E302761DEA4FE60007988B /* Views */,
				C0E302771DEA4FED0007988B /* Controllers */,
				C0C3E2D01DEBE08200B4978B /* Utility */,
				C0859E361E174B2900341F1C /* Property Lists */,
				C0C3E2C41DEB7D9D00B4978B /* Supporting Files */,
				C0E302601DEA4FD00007988B /* AppDelegate.swift */,
				C0E302671DEA4FD00007988B /* CL.xcdatamodeld */,
			);
			path = CL;
			sourceTree = "<group>";
		};
		C0E302751DEA4FDD0007988B /* Models */ = {
			isa = PBXGroup;
			children = (
				C0C3E2B01DEB50B800B4978B /* Classes and Structs */,
				C0C3E2AF1DEB50B000B4978B /* Test Data */,
			);
			name = Models;
			sourceTree = "<group>";
		};
		C0E302761DEA4FE60007988B /* Views */ = {
			isa = PBXGroup;
			children = (
				C0AFE6551DF89D3700F2A32A /* Custom Classes */,
				C0E302781DEA500D0007988B /* Storyboards */,
				C0C3E2A01DEAFA2D00B4978B /* Xibs */,
				C0E302791DEA50270007988B /* Images */,
			);
			name = Views;
			sourceTree = "<group>";
		};
		C0E302771DEA4FED0007988B /* Controllers */ = {
			isa = PBXGroup;
			children = (
				BFF149941E4B92E600185D67 /* TableView Cells */,
				C048B88B1DEA7CA500CB6F72 /* View Controllers */,
				C00346E21E02C2ED0000A335 /* Table View Controllers */,
			);
			name = Controllers;
			sourceTree = "<group>";
		};
		C0E302781DEA500D0007988B /* Storyboards */ = {
			isa = PBXGroup;
			children = (
				C0E302641DEA4FD00007988B /* Main.storyboard */,
				C0E3026C1DEA4FD00007988B /* LaunchScreen.storyboard */,
			);
			name = Storyboards;
			sourceTree = "<group>";
		};
		C0E302791DEA50270007988B /* Images */ = {
			isa = PBXGroup;
			children = (
				C0E3026A1DEA4FD00007988B /* Assets.xcassets */,
			);
			name = Images;
			sourceTree = "<group>";
		};
/* End PBXGroup section */

/* Begin PBXNativeTarget section */
		C0E3025C1DEA4FD00007988B /* CL */ = {
			isa = PBXNativeTarget;
			buildConfigurationList = C0E302721DEA4FD00007988B /* Build configuration list for PBXNativeTarget "CL" */;
			buildPhases = (
				B5512AE12D0B38FFCACDA4F0 /* [CP] Check Pods Manifest.lock */,
				C0E302591DEA4FD00007988B /* Sources */,
				C0E3025A1DEA4FD00007988B /* Frameworks */,
				C0E3025B1DEA4FD00007988B /* Resources */,
				C63DF97911754D1AE55DEB7D /* [CP] Embed Pods Frameworks */,
				DDDC0238B3873DF408243DEB /* [CP] Copy Pods Resources */,
			);
			buildRules = (
			);
			dependencies = (
			);
			name = CL;
			productName = CL;
			productReference = C0E3025D1DEA4FD00007988B /* CL.app */;
			productType = "com.apple.product-type.application";
		};
/* End PBXNativeTarget section */

/* Begin PBXProject section */
		C0E302551DEA4FD00007988B /* Project object */ = {
			isa = PBXProject;
			attributes = {
				LastSwiftUpdateCheck = 0730;
				LastUpgradeCheck = 0730;
				ORGANIZATIONNAME = iwritecode;
				TargetAttributes = {
					C0E3025C1DEA4FD00007988B = {
						CreatedOnToolsVersion = 7.3.1;
						LastSwiftMigration = 0820;
					};
				};
			};
			buildConfigurationList = C0E302581DEA4FD00007988B /* Build configuration list for PBXProject "CL" */;
			compatibilityVersion = "Xcode 3.2";
			developmentRegion = English;
			hasScannedForEncodings = 0;
			knownRegions = (
				en,
				Base,
			);
			mainGroup = C0E302541DEA4FD00007988B;
			productRefGroup = C0E3025E1DEA4FD00007988B /* Products */;
			projectDirPath = "";
			projectRoot = "";
			targets = (
				C0E3025C1DEA4FD00007988B /* CL */,
			);
		};
/* End PBXProject section */

/* Begin PBXResourcesBuildPhase section */
		C0E3025B1DEA4FD00007988B /* Resources */ = {
			isa = PBXResourcesBuildPhase;
			buildActionMask = 2147483647;
			files = (
				C00FE44D1E0D9BD4002E56D5 /* AddPlayerInputCell.xib in Resources */,
				C0CDD2BD1E0E54AC0033A072 /* PlayerForTeamCell.xib in Resources */,
				C087EF021DF5E3D200BA3EA2 /* GameMatchupCell.xib in Resources */,
				C003A3CB1DF46C24008158C7 /* LiveTeamCell.xib in Resources */,
				C0E3026E1DEA4FD00007988B /* LaunchScreen.storyboard in Resources */,
				C0638CCE1E0B041C00A03B57 /* AddPlayerCell.xib in Resources */,
				C0E3026B1DEA4FD00007988B /* Assets.xcassets in Resources */,
				C0638CDA1E0B11B100A03B57 /* CoordinateCell.xib in Resources */,
				C08B5AD61E1642AA000C8328 /* UpdatePlayerPointsCell.xib in Resources */,
				C08B5ACC1E1636D3000C8328 /* UpdateTeamCell.xib in Resources */,
				C00A07391DF725190032C39A /* GameRosterCell.xib in Resources */,
				C0E302661DEA4FD00007988B /* Main.storyboard in Resources */,
				C003A3E11DF4ADBE008158C7 /* LeaderboardCell.xib in Resources */,
				C0859E381E174B3E00341F1C /* GoogleService-Info.plist in Resources */,
				C0C3E2A71DEAFB4300B4978B /* GameInfoCell.xib in Resources */,
			);
			runOnlyForDeploymentPostprocessing = 0;
		};
/* End PBXResourcesBuildPhase section */

/* Begin PBXShellScriptBuildPhase section */
		B5512AE12D0B38FFCACDA4F0 /* [CP] Check Pods Manifest.lock */ = {
			isa = PBXShellScriptBuildPhase;
			buildActionMask = 2147483647;
			files = (
			);
			inputPaths = (
			);
			name = "[CP] Check Pods Manifest.lock";
			outputPaths = (
			);
			runOnlyForDeploymentPostprocessing = 0;
			shellPath = /bin/sh;
			shellScript = "diff \"${PODS_ROOT}/../Podfile.lock\" \"${PODS_ROOT}/Manifest.lock\" > /dev/null\nif [ $? != 0 ] ; then\n    # print error to STDERR\n    echo \"error: The sandbox is not in sync with the Podfile.lock. Run 'pod install' or update your CocoaPods installation.\" >&2\n    exit 1\nfi\n";
			showEnvVarsInLog = 0;
		};
		C63DF97911754D1AE55DEB7D /* [CP] Embed Pods Frameworks */ = {
			isa = PBXShellScriptBuildPhase;
			buildActionMask = 2147483647;
			files = (
			);
			inputPaths = (
			);
			name = "[CP] Embed Pods Frameworks";
			outputPaths = (
			);
			runOnlyForDeploymentPostprocessing = 0;
			shellPath = /bin/sh;
			shellScript = "\"${SRCROOT}/Pods/Target Support Files/Pods-CL/Pods-CL-frameworks.sh\"\n";
			showEnvVarsInLog = 0;
		};
		DDDC0238B3873DF408243DEB /* [CP] Copy Pods Resources */ = {
			isa = PBXShellScriptBuildPhase;
			buildActionMask = 2147483647;
			files = (
			);
			inputPaths = (
			);
			name = "[CP] Copy Pods Resources";
			outputPaths = (
			);
			runOnlyForDeploymentPostprocessing = 0;
			shellPath = /bin/sh;
			shellScript = "\"${SRCROOT}/Pods/Target Support Files/Pods-CL/Pods-CL-resources.sh\"\n";
			showEnvVarsInLog = 0;
		};
/* End PBXShellScriptBuildPhase section */

/* Begin PBXSourcesBuildPhase section */
		C0E302591DEA4FD00007988B /* Sources */ = {
			isa = PBXSourcesBuildPhase;
			buildActionMask = 2147483647;
			files = (
				C003A3D31DF471E2008158C7 /* User.swift in Sources */,
				C08B5ACB1E1636D3000C8328 /* UpdateTeamCell.swift in Sources */,
				C0CDD2BF1E0EBBE80033A072 /* Game.swift in Sources */,
				C00346F11E02EEF20000A335 /* CreateGameTableViewCell.swift in Sources */,
				C00A07411DF74B8D0032C39A /* GameInfoHeaderView.swift in Sources */,
				C0638CE61E0B28AC00A03B57 /* UpdatePointsViewController.swift in Sources */,
				C0C637E91E0F7880007A86D4 /* ProfileViewController.swift in Sources */,
				C0C3E2B61DEB57AD00B4978B /* TestData.swift in Sources */,
				C0C3E29F1DEA99D100B4978B /* LoginViewController.swift in Sources */,
				C003A3DC1DF4A8B4008158C7 /* GameInfoCell.swift in Sources */,
				C009A02B1DF9EFAC0096CF06 /* CreateGameFormViewController.swift in Sources */,
				C003A3DF1DF4AD96008158C7 /* LeaderboardCell.swift in Sources */,
				BFC89B9A1E4392A500730AA7 /* GameListViewController.swift in Sources */,
				C00FE44C1E0D9BD4002E56D5 /* AddPlayerInputCell.swift in Sources */,
				C00A07381DF725190032C39A /* GameRosterCell.swift in Sources */,
				C0638CCC1E0B03CF00A03B57 /* AddPlayerCell.swift in Sources */,
				C08281771E1AFD1B00185ABF /* SlideRightTransitionManager.swift in Sources */,
				C0E302691DEA4FD00007988B /* CL.xcdatamodeld in Sources */,
				C003A3D51DF47212008158C7 /* RankedUser.swift in Sources */,
				C087EF0B1DF5E58D00BA3EA2 /* GameMatchup.swift in Sources */,
				C0E302611DEA4FD00007988B /* AppDelegate.swift in Sources */,
				C0638CD91E0B11B100A03B57 /* CoordinateCell.swift in Sources */,
				C0C3E2CF1DEB957900B4978B /* Constants.swift in Sources */,
				C0AFE6581DF89D8C00F2A32A /* AddOrRemoveButton.swift in Sources */,
				C003A3D91DF4A63D008158C7 /* LiveTeamCell.swift in Sources */,
				C0C637E51E0F39B1007A86D4 /* LiveViewController.swift in Sources */,
				C00346F61E0345CB0000A335 /* RotatingButton.swift in Sources */,
				C0C3E2B41DEB546E00B4978B /* Team.swift in Sources */,
				C003A4011DF55232008158C7 /* GameViewController.swift in Sources */,
				C087EF041DF5E3EC00BA3EA2 /* GameMatchupCell.swift in Sources */,
				C08B5AD51E1642AA000C8328 /* UpdatePlayerPointsCell.swift in Sources */,
				C0859E3B1E175C5900341F1C /* DeviceType.swift in Sources */,
				C0353A641E1C4B2600F7F767 /* MainViewController.swift in Sources */,
				BFE528CE1E43A99700BE5CE6 /* GameCell.swift in Sources */,
				C0C3E2B21DEB50E200B4978B /* Player.swift in Sources */,
				C0CDD2BC1E0E54AC0033A072 /* PlayerForTeamCell.swift in Sources */,
				C0C3E2D31DEBE09C00B4978B /* Extensions.swift in Sources */,
				C0638CDC1E0B12A300A03B57 /* Coordinates.swift in Sources */,
			);
			runOnlyForDeploymentPostprocessing = 0;
		};
/* End PBXSourcesBuildPhase section */

/* Begin PBXVariantGroup section */
		C0E302641DEA4FD00007988B /* Main.storyboard */ = {
			isa = PBXVariantGroup;
			children = (
				C0E302651DEA4FD00007988B /* Base */,
			);
			name = Main.storyboard;
			sourceTree = "<group>";
		};
		C0E3026C1DEA4FD00007988B /* LaunchScreen.storyboard */ = {
			isa = PBXVariantGroup;
			children = (
				C0E3026D1DEA4FD00007988B /* Base */,
			);
			name = LaunchScreen.storyboard;
			sourceTree = "<group>";
		};
/* End PBXVariantGroup section */

/* Begin XCBuildConfiguration section */
		C0E302701DEA4FD00007988B /* Debug */ = {
			isa = XCBuildConfiguration;
			buildSettings = {
				ALWAYS_SEARCH_USER_PATHS = NO;
				CLANG_ANALYZER_NONNULL = YES;
				CLANG_CXX_LANGUAGE_STANDARD = "gnu++0x";
				CLANG_CXX_LIBRARY = "libc++";
				CLANG_ENABLE_MODULES = YES;
				CLANG_ENABLE_OBJC_ARC = YES;
				CLANG_WARN_BOOL_CONVERSION = YES;
				CLANG_WARN_CONSTANT_CONVERSION = YES;
				CLANG_WARN_DIRECT_OBJC_ISA_USAGE = YES_ERROR;
				CLANG_WARN_EMPTY_BODY = YES;
				CLANG_WARN_ENUM_CONVERSION = YES;
				CLANG_WARN_INT_CONVERSION = YES;
				CLANG_WARN_OBJC_ROOT_CLASS = YES_ERROR;
				CLANG_WARN_UNREACHABLE_CODE = YES;
				CLANG_WARN__DUPLICATE_METHOD_MATCH = YES;
				"CODE_SIGN_IDENTITY[sdk=iphoneos*]" = "iPhone Developer";
				COPY_PHASE_STRIP = NO;
				DEBUG_INFORMATION_FORMAT = dwarf;
				ENABLE_STRICT_OBJC_MSGSEND = YES;
				ENABLE_TESTABILITY = YES;
				GCC_C_LANGUAGE_STANDARD = gnu99;
				GCC_DYNAMIC_NO_PIC = NO;
				GCC_NO_COMMON_BLOCKS = YES;
				GCC_OPTIMIZATION_LEVEL = 0;
				GCC_PREPROCESSOR_DEFINITIONS = (
					"DEBUG=1",
					"$(inherited)",
				);
				GCC_WARN_64_TO_32_BIT_CONVERSION = YES;
				GCC_WARN_ABOUT_RETURN_TYPE = YES_ERROR;
				GCC_WARN_UNDECLARED_SELECTOR = YES;
				GCC_WARN_UNINITIALIZED_AUTOS = YES_AGGRESSIVE;
				GCC_WARN_UNUSED_FUNCTION = YES;
				GCC_WARN_UNUSED_VARIABLE = YES;
				IPHONEOS_DEPLOYMENT_TARGET = 9.3;
				MTL_ENABLE_DEBUG_INFO = YES;
				ONLY_ACTIVE_ARCH = YES;
				SDKROOT = iphoneos;
				SWIFT_OPTIMIZATION_LEVEL = "-Onone";
				TARGETED_DEVICE_FAMILY = "1,2";
			};
			name = Debug;
		};
		C0E302711DEA4FD00007988B /* Release */ = {
			isa = XCBuildConfiguration;
			buildSettings = {
				ALWAYS_SEARCH_USER_PATHS = NO;
				CLANG_ANALYZER_NONNULL = YES;
				CLANG_CXX_LANGUAGE_STANDARD = "gnu++0x";
				CLANG_CXX_LIBRARY = "libc++";
				CLANG_ENABLE_MODULES = YES;
				CLANG_ENABLE_OBJC_ARC = YES;
				CLANG_WARN_BOOL_CONVERSION = YES;
				CLANG_WARN_CONSTANT_CONVERSION = YES;
				CLANG_WARN_DIRECT_OBJC_ISA_USAGE = YES_ERROR;
				CLANG_WARN_EMPTY_BODY = YES;
				CLANG_WARN_ENUM_CONVERSION = YES;
				CLANG_WARN_INT_CONVERSION = YES;
				CLANG_WARN_OBJC_ROOT_CLASS = YES_ERROR;
				CLANG_WARN_UNREACHABLE_CODE = YES;
				CLANG_WARN__DUPLICATE_METHOD_MATCH = YES;
				"CODE_SIGN_IDENTITY[sdk=iphoneos*]" = "iPhone Developer";
				COPY_PHASE_STRIP = NO;
				DEBUG_INFORMATION_FORMAT = "dwarf-with-dsym";
				ENABLE_NS_ASSERTIONS = NO;
				ENABLE_STRICT_OBJC_MSGSEND = YES;
				GCC_C_LANGUAGE_STANDARD = gnu99;
				GCC_NO_COMMON_BLOCKS = YES;
				GCC_WARN_64_TO_32_BIT_CONVERSION = YES;
				GCC_WARN_ABOUT_RETURN_TYPE = YES_ERROR;
				GCC_WARN_UNDECLARED_SELECTOR = YES;
				GCC_WARN_UNINITIALIZED_AUTOS = YES_AGGRESSIVE;
				GCC_WARN_UNUSED_FUNCTION = YES;
				GCC_WARN_UNUSED_VARIABLE = YES;
				IPHONEOS_DEPLOYMENT_TARGET = 9.3;
				MTL_ENABLE_DEBUG_INFO = NO;
				SDKROOT = iphoneos;
				TARGETED_DEVICE_FAMILY = "1,2";
				VALIDATE_PRODUCT = YES;
			};
			name = Release;
		};
		C0E302731DEA4FD00007988B /* Debug */ = {
			isa = XCBuildConfiguration;
			baseConfigurationReference = 445CC88550A91715E63D6D22 /* Pods-CL.debug.xcconfig */;
			buildSettings = {
				ASSETCATALOG_COMPILER_APPICON_NAME = AppIcon;
				CLANG_ENABLE_MODULES = YES;
				FRAMEWORK_SEARCH_PATHS = (
					"$(inherited)",
					"$(PROJECT_DIR)/Pods",
					"$(PROJECT_DIR)",
				);
				INFOPLIST_FILE = CL/Info.plist;
				LD_RUNPATH_SEARCH_PATHS = "$(inherited) @executable_path/Frameworks";
				PRODUCT_BUNDLE_IDENTIFIER = com.lolivier.clutch;
				PRODUCT_NAME = "$(TARGET_NAME)";
				SWIFT_OBJC_BRIDGING_HEADER = "CL/CL-Bridging-Header.h";
				SWIFT_OPTIMIZATION_LEVEL = "-Onone";
				SWIFT_VERSION = 3.0;
			};
			name = Debug;
		};
		C0E302741DEA4FD00007988B /* Release */ = {
			isa = XCBuildConfiguration;
			baseConfigurationReference = A024F937322D8D8CBA8A0159 /* Pods-CL.release.xcconfig */;
			buildSettings = {
				ASSETCATALOG_COMPILER_APPICON_NAME = AppIcon;
				CLANG_ENABLE_MODULES = YES;
				FRAMEWORK_SEARCH_PATHS = (
					"$(inherited)",
					"$(PROJECT_DIR)/Pods",
					"$(PROJECT_DIR)",
				);
				INFOPLIST_FILE = CL/Info.plist;
				LD_RUNPATH_SEARCH_PATHS = "$(inherited) @executable_path/Frameworks";
				PRODUCT_BUNDLE_IDENTIFIER = com.lolivier.clutch;
				PRODUCT_NAME = "$(TARGET_NAME)";
				SWIFT_OBJC_BRIDGING_HEADER = "CL/CL-Bridging-Header.h";
				SWIFT_VERSION = 3.0;
			};
			name = Release;
		};
/* End XCBuildConfiguration section */

/* Begin XCConfigurationList section */
		C0E302581DEA4FD00007988B /* Build configuration list for PBXProject "CL" */ = {
			isa = XCConfigurationList;
			buildConfigurations = (
				C0E302701DEA4FD00007988B /* Debug */,
				C0E302711DEA4FD00007988B /* Release */,
			);
			defaultConfigurationIsVisible = 0;
			defaultConfigurationName = Release;
		};
		C0E302721DEA4FD00007988B /* Build configuration list for PBXNativeTarget "CL" */ = {
			isa = XCConfigurationList;
			buildConfigurations = (
				C0E302731DEA4FD00007988B /* Debug */,
				C0E302741DEA4FD00007988B /* Release */,
			);
			defaultConfigurationIsVisible = 0;
			defaultConfigurationName = Release;
		};
/* End XCConfigurationList section */

/* Begin XCVersionGroup section */
		C0E302671DEA4FD00007988B /* CL.xcdatamodeld */ = {
			isa = XCVersionGroup;
			children = (
				C0E302681DEA4FD00007988B /* CL.xcdatamodel */,
			);
			currentVersion = C0E302681DEA4FD00007988B /* CL.xcdatamodel */;
			path = CL.xcdatamodeld;
			sourceTree = "<group>";
			versionGroupType = wrapper.xcdatamodel;
		};
/* End XCVersionGroup section */
	};
	rootObject = C0E302551DEA4FD00007988B /* Project object */;
}
